
Microsoft Visual Studio Solution File, Format Version 12.00
# Visual Studio Version 17
VisualStudioVersion = 17.14.36202.13
MinimumVisualStudioVersion = 10.0.40219.1
Project("{FAE04EC0-301F-11D3-BF4B-00C04F79EFBC}") = "MIS.Web", "MIS.Web\MIS.Web\MIS.Web.csproj", "{B7725F97-898E-45DD-8D08-34423FB5D544}"
EndProject
Project("{FAE04EC0-301F-11D3-BF4B-00C04F79EFBC}") = "MIS.Web.Client", "MIS.Web\MIS.Web.Client\MIS.Web.Client.csproj", "{98D19A77-4885-4131-B0B0-A447F4FA0EA0}"
EndProject
Project("{FAE04EC0-301F-11D3-BF4B-00C04F79EFBC}") = "MIS.DAL", "MIS.DAL\MIS.DAL.csproj", "{324E76C6-1B37-427A-BB74-90D6C9B883CC}"
	ProjectSection(ProjectDependencies) = postProject
		{C4530207-1CDE-4267-B102-30580E9E6379} = {C4530207-1CDE-4267-B102-30580E9E6379}
	EndProjectSection
EndProject
Project("{FAE04EC0-301F-11D3-BF4B-00C04F79EFBC}") = "MIS.Core", "MIS.Core\MIS.Core.csproj", "{C4530207-1CDE-4267-B102-30580E9E6379}"
EndProject
Project("{FAE04EC0-301F-11D3-BF4B-00C04F79EFBC}") = "MIS.BLL", "MIS.BLL\MIS.BLL.csproj", "{5062E107-13D8-4C1B-8A9C-FAA89B222416}"
	ProjectSection(ProjectDependencies) = postProject
		{324E76C6-1B37-427A-BB74-90D6C9B883CC} = {324E76C6-1B37-427A-BB74-90D6C9B883CC}
		{C4530207-1CDE-4267-B102-30580E9E6379} = {C4530207-1CDE-4267-B102-30580E9E6379}
	EndProjectSection
EndProject
Project("{FAE04EC0-301F-11D3-BF4B-00C04F79EFBC}") = "Debug", "Debug\Debug.csproj", "{3D7D2122-6C5D-4E44-BA10-9B4360B5029F}"
	ProjectSection(ProjectDependencies) = postProject
		{324E76C6-1B37-427A-BB74-90D6C9B883CC} = {324E76C6-1B37-427A-BB74-90D6C9B883CC}
		{5062E107-13D8-4C1B-8A9C-FAA89B222416} = {5062E107-13D8-4C1B-8A9C-FAA89B222416}
		{C4530207-1CDE-4267-B102-30580E9E6379} = {C4530207-1CDE-4267-B102-30580E9E6379}
	EndProjectSection
EndProject
Global
	GlobalSection(SolutionConfigurationPlatforms) = preSolution
		Debug|Any CPU = Debug|Any CPU
		Debug|x64 = Debug|x64
		Debug|x86 = Debug|x86
		Release|Any CPU = Release|Any CPU
		Release|x64 = Release|x64
		Release|x86 = Release|x86
	EndGlobalSection
	GlobalSection(ProjectConfigurationPlatforms) = postSolution
		{B7725F97-898E-45DD-8D08-34423FB5D544}.Debug|Any CPU.ActiveCfg = Debug|Any CPU
		{B7725F97-898E-45DD-8D08-34423FB5D544}.Debug|Any CPU.Build.0 = Debug|Any CPU
		{B7725F97-898E-45DD-8D08-34423FB5D544}.Debug|x64.ActiveCfg = Debug|Any CPU
		{B7725F97-898E-45DD-8D08-34423FB5D544}.Debug|x64.Build.0 = Debug|Any CPU
		{B7725F97-898E-45DD-8D08-34423FB5D544}.Debug|x86.ActiveCfg = Debug|Any CPU
		{B7725F97-898E-45DD-8D08-34423FB5D544}.Debug|x86.Build.0 = Debug|Any CPU
		{B7725F97-898E-45DD-8D08-34423FB5D544}.Release|Any CPU.ActiveCfg = Release|Any CPU
		{B7725F97-898E-45DD-8D08-34423FB5D544}.Release|Any CPU.Build.0 = Release|Any CPU
		{B7725F97-898E-45DD-8D08-34423FB5D544}.Release|x64.ActiveCfg = Release|Any CPU
		{B7725F97-898E-45DD-8D08-34423FB5D544}.Release|x64.Build.0 = Release|Any CPU
		{B7725F97-898E-45DD-8D08-34423FB5D544}.Release|x86.ActiveCfg = Release|Any CPU
		{B7725F97-898E-45DD-8D08-34423FB5D544}.Release|x86.Build.0 = Release|Any CPU
		{98D19A77-4885-4131-B0B0-A447F4FA0EA0}.Debug|Any CPU.ActiveCfg = Debug|Any CPU
		{98D19A77-4885-4131-B0B0-A447F4FA0EA0}.Debug|Any CPU.Build.0 = Debug|Any CPU
		{98D19A77-4885-4131-B0B0-A447F4FA0EA0}.Debug|x64.ActiveCfg = Debug|Any CPU
		{98D19A77-4885-4131-B0B0-A447F4FA0EA0}.Debug|x64.Build.0 = Debug|Any CPU
		{98D19A77-4885-4131-B0B0-A447F4FA0EA0}.Debug|x86.ActiveCfg = Debug|Any CPU
		{98D19A77-4885-4131-B0B0-A447F4FA0EA0}.Debug|x86.Build.0 = Debug|Any CPU
		{98D19A77-4885-4131-B0B0-A447F4FA0EA0}.Release|Any CPU.ActiveCfg = Release|Any CPU
		{98D19A77-4885-4131-B0B0-A447F4FA0EA0}.Release|Any CPU.Build.0 = Release|Any CPU
		{98D19A77-4885-4131-B0B0-A447F4FA0EA0}.Release|x64.ActiveCfg = Release|Any CPU
		{98D19A77-4885-4131-B0B0-A447F4FA0EA0}.Release|x64.Build.0 = Release|Any CPU
		{98D19A77-4885-4131-B0B0-A447F4FA0EA0}.Release|x86.ActiveCfg = Release|Any CPU
		{98D19A77-4885-4131-B0B0-A447F4FA0EA0}.Release|x86.Build.0 = Release|Any CPU
		{324E76C6-1B37-427A-BB74-90D6C9B883CC}.Debug|Any CPU.ActiveCfg = Debug|Any CPU
		{324E76C6-1B37-427A-BB74-90D6C9B883CC}.Debug|Any CPU.Build.0 = Debug|Any CPU
		{324E76C6-1B37-427A-BB74-90D6C9B883CC}.Debug|x64.ActiveCfg = Debug|Any CPU
		{324E76C6-1B37-427A-BB74-90D6C9B883CC}.Debug|x64.Build.0 = Debug|Any CPU
		{324E76C6-1B37-427A-BB74-90D6C9B883CC}.Debug|x86.ActiveCfg = Debug|Any CPU
		{324E76C6-1B37-427A-BB74-90D6C9B883CC}.Debug|x86.Build.0 = Debug|Any CPU
		{324E76C6-1B37-427A-BB74-90D6C9B883CC}.Release|Any CPU.ActiveCfg = Release|Any CPU
		{324E76C6-1B37-427A-BB74-90D6C9B883CC}.Release|Any CPU.Build.0 = Release|Any CPU
		{324E76C6-1B37-427A-BB74-90D6C9B883CC}.Release|x64.ActiveCfg = Release|Any CPU
		{324E76C6-1B37-427A-BB74-90D6C9B883CC}.Release|x64.Build.0 = Release|Any CPU
		{324E76C6-1B37-427A-BB74-90D6C9B883CC}.Release|x86.ActiveCfg = Release|Any CPU
		{324E76C6-1B37-427A-BB74-90D6C9B883CC}.Release|x86.Build.0 = Release|Any CPU
		{C4530207-1CDE-4267-B102-30580E9E6379}.Debug|Any CPU.ActiveCfg = Debug|Any CPU
		{C4530207-1CDE-4267-B102-30580E9E6379}.Debug|Any CPU.Build.0 = Debug|Any CPU
		{C4530207-1CDE-4267-B102-30580E9E6379}.Debug|x64.ActiveCfg = Debug|Any CPU
		{C4530207-1CDE-4267-B102-30580E9E6379}.Debug|x64.Build.0 = Debug|Any CPU
		{C4530207-1CDE-4267-B102-30580E9E6379}.Debug|x86.ActiveCfg = Debug|Any CPU
		{C4530207-1CDE-4267-B102-30580E9E6379}.Debug|x86.Build.0 = Debug|Any CPU
		{C4530207-1CDE-4267-B102-30580E9E6379}.Release|Any CPU.ActiveCfg = Release|Any CPU
		{C4530207-1CDE-4267-B102-30580E9E6379}.Release|Any CPU.Build.0 = Release|Any CPU
		{C4530207-1CDE-4267-B102-30580E9E6379}.Release|x64.ActiveCfg = Release|Any CPU
		{C4530207-1CDE-4267-B102-30580E9E6379}.Release|x64.Build.0 = Release|Any CPU
		{C4530207-1CDE-4267-B102-30580E9E6379}.Release|x86.ActiveCfg = Release|Any CPU
		{C4530207-1CDE-4267-B102-30580E9E6379}.Release|x86.Build.0 = Release|Any CPU
		{5062E107-13D8-4C1B-8A9C-FAA89B222416}.Debug|Any CPU.ActiveCfg = Debug|Any CPU
		{5062E107-13D8-4C1B-8A9C-FAA89B222416}.Debug|Any CPU.Build.0 = Debug|Any CPU
		{5062E107-13D8-4C1B-8A9C-FAA89B222416}.Debug|x64.ActiveCfg = Debug|Any CPU
		{5062E107-13D8-4C1B-8A9C-FAA89B222416}.Debug|x64.Build.0 = Debug|Any CPU
		{5062E107-13D8-4C1B-8A9C-FAA89B222416}.Debug|x86.ActiveCfg = Debug|Any CPU
		{5062E107-13D8-4C1B-8A9C-FAA89B222416}.Debug|x86.Build.0 = Debug|Any CPU
		{5062E107-13D8-4C1B-8A9C-FAA89B222416}.Release|Any CPU.ActiveCfg = Release|Any CPU
		{5062E107-13D8-4C1B-8A9C-FAA89B222416}.Release|Any CPU.Build.0 = Release|Any CPU
		{5062E107-13D8-4C1B-8A9C-FAA89B222416}.Release|x64.ActiveCfg = Release|Any CPU
		{5062E107-13D8-4C1B-8A9C-FAA89B222416}.Release|x64.Build.0 = Release|Any CPU
		{5062E107-13D8-4C1B-8A9C-FAA89B222416}.Release|x86.ActiveCfg = Release|Any CPU
		{5062E107-13D8-4C1B-8A9C-FAA89B222416}.Release|x86.Build.0 = Release|Any CPU
		{3D7D2122-6C5D-4E44-BA10-9B4360B5029F}.Debug|Any CPU.ActiveCfg = Debug|Any CPU
		{3D7D2122-6C5D-4E44-BA10-9B4360B5029F}.Debug|Any CPU.Build.0 = Debug|Any CPU
		{3D7D2122-6C5D-4E44-BA10-9B4360B5029F}.Debug|x64.ActiveCfg = Debug|Any CPU
		{3D7D2122-6C5D-4E44-BA10-9B4360B5029F}.Debug|x64.Build.0 = Debug|Any CPU
		{3D7D2122-6C5D-4E44-BA10-9B4360B5029F}.Debug|x86.ActiveCfg = Debug|Any CPU
		{3D7D2122-6C5D-4E44-BA10-9B4360B5029F}.Debug|x86.Build.0 = Debug|Any CPU
		{3D7D2122-6C5D-4E44-BA10-9B4360B5029F}.Release|Any CPU.ActiveCfg = Release|Any CPU
		{3D7D2122-6C5D-4E44-BA10-9B4360B5029F}.Release|Any CPU.Build.0 = Release|Any CPU
		{3D7D2122-6C5D-4E44-BA10-9B4360B5029F}.Release|x64.ActiveCfg = Release|Any CPU
		{3D7D2122-6C5D-4E44-BA10-9B4360B5029F}.Release|x64.Build.0 = Release|Any CPU
		{3D7D2122-6C5D-4E44-BA10-9B4360B5029F}.Release|x86.ActiveCfg = Release|Any CPU
		{3D7D2122-6C5D-4E44-BA10-9B4360B5029F}.Release|x86.Build.0 = Release|Any CPU
	EndGlobalSection
	GlobalSection(SolutionProperties) = preSolution
		HideSolutionNode = FALSE
	EndGlobalSection
	GlobalSection(ExtensibilityGlobals) = postSolution
		SolutionGuid = {4D834C7C-B44C-4780-9BCD-161D9A1CCE2B}
	EndGlobalSection
EndGlobal
